// !$*UTF8*$!
{
	archiveVersion = 1;
	classes = {
	};
	objectVersion = 46;
	objects = {

/* Begin PBXBuildFile section */
		17FBA79F72FC20FC3B1F8B27 /* libPods-Find my AirpodsTests.a in Frameworks */ = {isa = PBXBuildFile; fileRef = ECBADFD03C07B05AE6437AA6 /* libPods-Find my AirpodsTests.a */; };
		22DFE08AD2449E7F8B6C77C2 /* libPods-Find my Airpods.a in Frameworks */ = {isa = PBXBuildFile; fileRef = 45F1884A60554D58B896D47F /* libPods-Find my Airpods.a */; };
		26F7E858170D1ECC1EDD3BBC /* libPods-Find my AirpodsUITests.a in Frameworks */ = {isa = PBXBuildFile; fileRef = C76A321ECE25B4F8EE8F81F0 /* libPods-Find my AirpodsUITests.a */; };
		336B024D1E2F26CB003BD78A /* airpods-top-part-updated.png in Resources */ = {isa = PBXBuildFile; fileRef = 336B024C1E2F26CB003BD78A /* airpods-top-part-updated.png */; };
		336B024F1E324FB7003BD78A /* airpods-bottom-part-updated.png in Resources */ = {isa = PBXBuildFile; fileRef = 336B024E1E324FB7003BD78A /* airpods-bottom-part-updated.png */; };
		336B02551E32615C003BD78A /* airpods-left-part-updated.png in Resources */ = {isa = PBXBuildFile; fileRef = 336B02541E32615C003BD78A /* airpods-left-part-updated.png */; };
		338966851E3A5B6500622A9D /* airpods-right-part-updated.png in Resources */ = {isa = PBXBuildFile; fileRef = 338966841E3A5B6500622A9D /* airpods-right-part-updated.png */; };
		339B79241E0BAC510060D9BB /* airpods logo.png in Resources */ = {isa = PBXBuildFile; fileRef = 339B79231E0BAC510060D9BB /* airpods logo.png */; };
		339B79281E0CF7360060D9BB /* black-dot.jpg in Resources */ = {isa = PBXBuildFile; fileRef = 339B79271E0CF7360060D9BB /* black-dot.jpg */; };
		339B792B1E0D2F000060D9BB /* NameChooseViewController.m in Sources */ = {isa = PBXBuildFile; fileRef = 339B792A1E0D2F000060D9BB /* NameChooseViewController.m */; };
		339B792E1E0D5A7B0060D9BB /* SelectAirpodTableViewController.m in Sources */ = {isa = PBXBuildFile; fileRef = 339B792D1E0D5A7B0060D9BB /* SelectAirpodTableViewController.m */; };
		339B79321E0D5B790060D9BB /* BLDataModel.m in Sources */ = {isa = PBXBuildFile; fileRef = 339B79311E0D5B790060D9BB /* BLDataModel.m */; };
		33BA4F651E078759004A562B /* main.m in Sources */ = {isa = PBXBuildFile; fileRef = 33BA4F641E078759004A562B /* main.m */; };
		33BA4F681E078759004A562B /* AppDelegate.m in Sources */ = {isa = PBXBuildFile; fileRef = 33BA4F671E078759004A562B /* AppDelegate.m */; };
		33BA4F6B1E078759004A562B /* ViewController.m in Sources */ = {isa = PBXBuildFile; fileRef = 33BA4F6A1E078759004A562B /* ViewController.m */; };
		33BA4F6E1E078759004A562B /* Main.storyboard in Resources */ = {isa = PBXBuildFile; fileRef = 33BA4F6C1E078759004A562B /* Main.storyboard */; };
		33BA4F701E078759004A562B /* Assets.xcassets in Resources */ = {isa = PBXBuildFile; fileRef = 33BA4F6F1E078759004A562B /* Assets.xcassets */; };
		33BA4F731E078759004A562B /* LaunchScreen.storyboard in Resources */ = {isa = PBXBuildFile; fileRef = 33BA4F711E078759004A562B /* LaunchScreen.storyboard */; };
		33BA4F7E1E078759004A562B /* Find_my_AirpodsTests.m in Sources */ = {isa = PBXBuildFile; fileRef = 33BA4F7D1E078759004A562B /* Find_my_AirpodsTests.m */; };
		33BA4F891E078759004A562B /* Find_my_AirpodsUITests.m in Sources */ = {isa = PBXBuildFile; fileRef = 33BA4F881E078759004A562B /* Find_my_AirpodsUITests.m */; };
		33BA4F991E082EF9004A562B /* Tutorial-Screen-One-ViewController.m in Sources */ = {isa = PBXBuildFile; fileRef = 33BA4F981E082EF9004A562B /* Tutorial-Screen-One-ViewController.m */; };
		33BA4FA11E08390F004A562B /* airpods-bottom-part.png in Resources */ = {isa = PBXBuildFile; fileRef = 33BA4F9F1E08390F004A562B /* airpods-bottom-part.png */; };
		33BA4FA21E08390F004A562B /* airpods-top-part.png in Resources */ = {isa = PBXBuildFile; fileRef = 33BA4FA01E08390F004A562B /* airpods-top-part.png */; };
		33BA4FA51E08433F004A562B /* airpods-left.png in Resources */ = {isa = PBXBuildFile; fileRef = 33BA4FA31E08433F004A562B /* airpods-left.png */; };
		33BA4FA61E08433F004A562B /* airpods-right.png in Resources */ = {isa = PBXBuildFile; fileRef = 33BA4FA41E08433F004A562B /* airpods-right.png */; };
		33BA4FA91E09228E004A562B /* Tutorial-Screen-Pods-Chooser-ViewController.m in Sources */ = {isa = PBXBuildFile; fileRef = 33BA4FA81E09228E004A562B /* Tutorial-Screen-Pods-Chooser-ViewController.m */; };
		33BA4FAC1E098C21004A562B /* AirpodsCaseViewController.m in Sources */ = {isa = PBXBuildFile; fileRef = 33BA4FAB1E098C21004A562B /* AirpodsCaseViewController.m */; };
		33BA4FB01E0A2826004A562B /* FinderViewController.m in Sources */ = {isa = PBXBuildFile; fileRef = 33BA4FAF1E0A2826004A562B /* FinderViewController.m */; };
		33BA4FB41E0AD298004A562B /* FinalViewController.m in Sources */ = {isa = PBXBuildFile; fileRef = 33BA4FB31E0AD298004A562B /* FinalViewController.m */; };
		9DB515F61E4CB3170050721C /* airpods-right-part-updated-v2.png in Resources */ = {isa = PBXBuildFile; fileRef = 9DB515F51E4CB3170050721C /* airpods-right-part-updated-v2.png */; };
		9DB515F81E4CB31D0050721C /* airpods-left-part-updated-v2.png in Resources */ = {isa = PBXBuildFile; fileRef = 9DB515F71E4CB31D0050721C /* airpods-left-part-updated-v2.png */; };
		9DB515FB1E4CB9530050721C /* airpods-left-part-updated-v3.png in Resources */ = {isa = PBXBuildFile; fileRef = 9DB515F91E4CB9530050721C /* airpods-left-part-updated-v3.png */; };
		9DB515FC1E4CB9530050721C /* airpods-right-part-updated-v3.png in Resources */ = {isa = PBXBuildFile; fileRef = 9DB515FA1E4CB9530050721C /* airpods-right-part-updated-v3.png */; };
/* End PBXBuildFile section */

/* Begin PBXContainerItemProxy section */
		33BA4F7A1E078759004A562B /* PBXContainerItemProxy */ = {
			isa = PBXContainerItemProxy;
			containerPortal = 33BA4F581E078759004A562B /* Project object */;
			proxyType = 1;
			remoteGlobalIDString = 33BA4F5F1E078759004A562B;
			remoteInfo = "Find my Airpods";
		};
		33BA4F851E078759004A562B /* PBXContainerItemProxy */ = {
			isa = PBXContainerItemProxy;
			containerPortal = 33BA4F581E078759004A562B /* Project object */;
			proxyType = 1;
			remoteGlobalIDString = 33BA4F5F1E078759004A562B;
			remoteInfo = "Find my Airpods";
		};
/* End PBXContainerItemProxy section */

/* Begin PBXFileReference section */
		3337DF8BED61C3FF2229DFB8 /* Pods-Find my AirpodsUITests.debug.xcconfig */ = {isa = PBXFileReference; includeInIndex = 1; lastKnownFileType = text.xcconfig; name = "Pods-Find my AirpodsUITests.debug.xcconfig"; path = "Pods/Target Support Files/Pods-Find my AirpodsUITests/Pods-Find my AirpodsUITests.debug.xcconfig"; sourceTree = "<group>"; };
		336B024C1E2F26CB003BD78A /* airpods-top-part-updated.png */ = {isa = PBXFileReference; lastKnownFileType = image.png; path = "airpods-top-part-updated.png"; sourceTree = "<group>"; };
		336B024E1E324FB7003BD78A /* airpods-bottom-part-updated.png */ = {isa = PBXFileReference; lastKnownFileType = image.png; path = "airpods-bottom-part-updated.png"; sourceTree = "<group>"; };
		336B02541E32615C003BD78A /* airpods-left-part-updated.png */ = {isa = PBXFileReference; lastKnownFileType = image.png; path = "airpods-left-part-updated.png"; sourceTree = "<group>"; };
		338966841E3A5B6500622A9D /* airpods-right-part-updated.png */ = {isa = PBXFileReference; lastKnownFileType = image.png; path = "airpods-right-part-updated.png"; sourceTree = "<group>"; };
		339B79231E0BAC510060D9BB /* airpods logo.png */ = {isa = PBXFileReference; lastKnownFileType = image.png; path = "airpods logo.png"; sourceTree = "<group>"; };
		339B79251E0CDF2F0060D9BB /* WatchOSStoryboard.storyboard */ = {isa = PBXFileReference; fileEncoding = 4; lastKnownFileType = file.storyboard; path = WatchOSStoryboard.storyboard; sourceTree = "<group>"; };
		339B79271E0CF7360060D9BB /* black-dot.jpg */ = {isa = PBXFileReference; lastKnownFileType = image.jpeg; path = "black-dot.jpg"; sourceTree = "<group>"; };
		339B79291E0D2F000060D9BB /* NameChooseViewController.h */ = {isa = PBXFileReference; fileEncoding = 4; lastKnownFileType = sourcecode.c.h; path = NameChooseViewController.h; sourceTree = "<group>"; };
		339B792A1E0D2F000060D9BB /* NameChooseViewController.m */ = {isa = PBXFileReference; fileEncoding = 4; lastKnownFileType = sourcecode.c.objc; path = NameChooseViewController.m; sourceTree = "<group>"; };
		339B792C1E0D5A7B0060D9BB /* SelectAirpodTableViewController.h */ = {isa = PBXFileReference; fileEncoding = 4; lastKnownFileType = sourcecode.c.h; path = SelectAirpodTableViewController.h; sourceTree = "<group>"; };
		339B792D1E0D5A7B0060D9BB /* SelectAirpodTableViewController.m */ = {isa = PBXFileReference; fileEncoding = 4; lastKnownFileType = sourcecode.c.objc; path = SelectAirpodTableViewController.m; sourceTree = "<group>"; };
		339B79301E0D5B790060D9BB /* BLDataModel.h */ = {isa = PBXFileReference; fileEncoding = 4; lastKnownFileType = sourcecode.c.h; path = BLDataModel.h; sourceTree = "<group>"; };
		339B79311E0D5B790060D9BB /* BLDataModel.m */ = {isa = PBXFileReference; fileEncoding = 4; lastKnownFileType = sourcecode.c.objc; path = BLDataModel.m; sourceTree = "<group>"; };
		339B79331E0D7B490060D9BB /* Constants.h */ = {isa = PBXFileReference; lastKnownFileType = sourcecode.c.h; path = Constants.h; sourceTree = "<group>"; };
		33BA4F601E078759004A562B /* Find my Airpods.app */ = {isa = PBXFileReference; explicitFileType = wrapper.application; includeInIndex = 0; path = "Find my Airpods.app"; sourceTree = BUILT_PRODUCTS_DIR; };
		33BA4F641E078759004A562B /* main.m */ = {isa = PBXFileReference; lastKnownFileType = sourcecode.c.objc; path = main.m; sourceTree = "<group>"; };
		33BA4F661E078759004A562B /* AppDelegate.h */ = {isa = PBXFileReference; lastKnownFileType = sourcecode.c.h; path = AppDelegate.h; sourceTree = "<group>"; };
		33BA4F671E078759004A562B /* AppDelegate.m */ = {isa = PBXFileReference; lastKnownFileType = sourcecode.c.objc; path = AppDelegate.m; sourceTree = "<group>"; };
		33BA4F691E078759004A562B /* ViewController.h */ = {isa = PBXFileReference; lastKnownFileType = sourcecode.c.h; path = ViewController.h; sourceTree = "<group>"; };
		33BA4F6A1E078759004A562B /* ViewController.m */ = {isa = PBXFileReference; lastKnownFileType = sourcecode.c.objc; path = ViewController.m; sourceTree = "<group>"; };
		33BA4F6D1E078759004A562B /* Base */ = {isa = PBXFileReference; lastKnownFileType = file.storyboard; name = Base; path = Base.lproj/Main.storyboard; sourceTree = "<group>"; };
		33BA4F6F1E078759004A562B /* Assets.xcassets */ = {isa = PBXFileReference; lastKnownFileType = folder.assetcatalog; path = Assets.xcassets; sourceTree = "<group>"; };
		33BA4F721E078759004A562B /* Base */ = {isa = PBXFileReference; lastKnownFileType = file.storyboard; name = Base; path = Base.lproj/LaunchScreen.storyboard; sourceTree = "<group>"; };
		33BA4F741E078759004A562B /* Info.plist */ = {isa = PBXFileReference; lastKnownFileType = text.plist.xml; path = Info.plist; sourceTree = "<group>"; };
		33BA4F791E078759004A562B /* Find my AirpodsTests.xctest */ = {isa = PBXFileReference; explicitFileType = wrapper.cfbundle; includeInIndex = 0; path = "Find my AirpodsTests.xctest"; sourceTree = BUILT_PRODUCTS_DIR; };
		33BA4F7D1E078759004A562B /* Find_my_AirpodsTests.m */ = {isa = PBXFileReference; lastKnownFileType = sourcecode.c.objc; path = Find_my_AirpodsTests.m; sourceTree = "<group>"; };
		33BA4F7F1E078759004A562B /* Info.plist */ = {isa = PBXFileReference; lastKnownFileType = text.plist.xml; path = Info.plist; sourceTree = "<group>"; };
		33BA4F841E078759004A562B /* Find my AirpodsUITests.xctest */ = {isa = PBXFileReference; explicitFileType = wrapper.cfbundle; includeInIndex = 0; path = "Find my AirpodsUITests.xctest"; sourceTree = BUILT_PRODUCTS_DIR; };
		33BA4F881E078759004A562B /* Find_my_AirpodsUITests.m */ = {isa = PBXFileReference; lastKnownFileType = sourcecode.c.objc; path = Find_my_AirpodsUITests.m; sourceTree = "<group>"; };
		33BA4F8A1E078759004A562B /* Info.plist */ = {isa = PBXFileReference; lastKnownFileType = text.plist.xml; path = Info.plist; sourceTree = "<group>"; };
		33BA4F971E082EF9004A562B /* Tutorial-Screen-One-ViewController.h */ = {isa = PBXFileReference; fileEncoding = 4; lastKnownFileType = sourcecode.c.h; path = "Tutorial-Screen-One-ViewController.h"; sourceTree = "<group>"; };
		33BA4F981E082EF9004A562B /* Tutorial-Screen-One-ViewController.m */ = {isa = PBXFileReference; fileEncoding = 4; lastKnownFileType = sourcecode.c.objc; path = "Tutorial-Screen-One-ViewController.m"; sourceTree = "<group>"; };
		33BA4F9F1E08390F004A562B /* airpods-bottom-part.png */ = {isa = PBXFileReference; lastKnownFileType = image.png; path = "airpods-bottom-part.png"; sourceTree = "<group>"; };
		33BA4FA01E08390F004A562B /* airpods-top-part.png */ = {isa = PBXFileReference; lastKnownFileType = image.png; path = "airpods-top-part.png"; sourceTree = "<group>"; };
		33BA4FA31E08433F004A562B /* airpods-left.png */ = {isa = PBXFileReference; lastKnownFileType = image.png; path = "airpods-left.png"; sourceTree = "<group>"; };
		33BA4FA41E08433F004A562B /* airpods-right.png */ = {isa = PBXFileReference; lastKnownFileType = image.png; path = "airpods-right.png"; sourceTree = "<group>"; };
		33BA4FA71E09228E004A562B /* Tutorial-Screen-Pods-Chooser-ViewController.h */ = {isa = PBXFileReference; fileEncoding = 4; lastKnownFileType = sourcecode.c.h; path = "Tutorial-Screen-Pods-Chooser-ViewController.h"; sourceTree = "<group>"; };
		33BA4FA81E09228E004A562B /* Tutorial-Screen-Pods-Chooser-ViewController.m */ = {isa = PBXFileReference; fileEncoding = 4; lastKnownFileType = sourcecode.c.objc; path = "Tutorial-Screen-Pods-Chooser-ViewController.m"; sourceTree = "<group>"; };
		33BA4FAA1E098C21004A562B /* AirpodsCaseViewController.h */ = {isa = PBXFileReference; fileEncoding = 4; lastKnownFileType = sourcecode.c.h; path = AirpodsCaseViewController.h; sourceTree = "<group>"; };
		33BA4FAB1E098C21004A562B /* AirpodsCaseViewController.m */ = {isa = PBXFileReference; fileEncoding = 4; lastKnownFileType = sourcecode.c.objc; path = AirpodsCaseViewController.m; sourceTree = "<group>"; };
		33BA4FAE1E0A2826004A562B /* FinderViewController.h */ = {isa = PBXFileReference; fileEncoding = 4; lastKnownFileType = sourcecode.c.h; path = FinderViewController.h; sourceTree = "<group>"; };
		33BA4FAF1E0A2826004A562B /* FinderViewController.m */ = {isa = PBXFileReference; fileEncoding = 4; lastKnownFileType = sourcecode.c.objc; path = FinderViewController.m; sourceTree = "<group>"; };
		33BA4FB11E0AAEA5004A562B /* TransferService.h */ = {isa = PBXFileReference; fileEncoding = 4; lastKnownFileType = sourcecode.c.h; path = TransferService.h; sourceTree = "<group>"; };
		33BA4FB21E0AD298004A562B /* FinalViewController.h */ = {isa = PBXFileReference; fileEncoding = 4; lastKnownFileType = sourcecode.c.h; path = FinalViewController.h; sourceTree = "<group>"; };
		33BA4FB31E0AD298004A562B /* FinalViewController.m */ = {isa = PBXFileReference; fileEncoding = 4; lastKnownFileType = sourcecode.c.objc; path = FinalViewController.m; sourceTree = "<group>"; };
		45F1884A60554D58B896D47F /* libPods-Find my Airpods.a */ = {isa = PBXFileReference; explicitFileType = archive.ar; includeInIndex = 0; path = "libPods-Find my Airpods.a"; sourceTree = BUILT_PRODUCTS_DIR; };
		490C5815F27DE95D7EDDE7D3 /* Pods-Find my AirpodsTests.debug.xcconfig */ = {isa = PBXFileReference; includeInIndex = 1; lastKnownFileType = text.xcconfig; name = "Pods-Find my AirpodsTests.debug.xcconfig"; path = "Pods/Target Support Files/Pods-Find my AirpodsTests/Pods-Find my AirpodsTests.debug.xcconfig"; sourceTree = "<group>"; };
		8075D6992074F7ACF9643732 /* Pods-Find my Airpods.release.xcconfig */ = {isa = PBXFileReference; includeInIndex = 1; lastKnownFileType = text.xcconfig; name = "Pods-Find my Airpods.release.xcconfig"; path = "Pods/Target Support Files/Pods-Find my Airpods/Pods-Find my Airpods.release.xcconfig"; sourceTree = "<group>"; };
		97A56E1DC735A5CB29E952F4 /* Pods-Find my AirpodsUITests.release.xcconfig */ = {isa = PBXFileReference; includeInIndex = 1; lastKnownFileType = text.xcconfig; name = "Pods-Find my AirpodsUITests.release.xcconfig"; path = "Pods/Target Support Files/Pods-Find my AirpodsUITests/Pods-Find my AirpodsUITests.release.xcconfig"; sourceTree = "<group>"; };
		9DB515F51E4CB3170050721C /* airpods-right-part-updated-v2.png */ = {isa = PBXFileReference; lastKnownFileType = image.png; path = "airpods-right-part-updated-v2.png"; sourceTree = "<group>"; };
		9DB515F71E4CB31D0050721C /* airpods-left-part-updated-v2.png */ = {isa = PBXFileReference; lastKnownFileType = image.png; path = "airpods-left-part-updated-v2.png"; sourceTree = "<group>"; };
		9DB515F91E4CB9530050721C /* airpods-left-part-updated-v3.png */ = {isa = PBXFileReference; lastKnownFileType = image.png; path = "airpods-left-part-updated-v3.png"; sourceTree = "<group>"; };
		9DB515FA1E4CB9530050721C /* airpods-right-part-updated-v3.png */ = {isa = PBXFileReference; lastKnownFileType = image.png; path = "airpods-right-part-updated-v3.png"; sourceTree = "<group>"; };
		C2A56CDC494583415C66408B /* Pods-Find my AirpodsTests.release.xcconfig */ = {isa = PBXFileReference; includeInIndex = 1; lastKnownFileType = text.xcconfig; name = "Pods-Find my AirpodsTests.release.xcconfig"; path = "Pods/Target Support Files/Pods-Find my AirpodsTests/Pods-Find my AirpodsTests.release.xcconfig"; sourceTree = "<group>"; };
		C5D79F5F4203B42B4669F9C5 /* Pods-Find my Airpods.debug.xcconfig */ = {isa = PBXFileReference; includeInIndex = 1; lastKnownFileType = text.xcconfig; name = "Pods-Find my Airpods.debug.xcconfig"; path = "Pods/Target Support Files/Pods-Find my Airpods/Pods-Find my Airpods.debug.xcconfig"; sourceTree = "<group>"; };
		C76A321ECE25B4F8EE8F81F0 /* libPods-Find my AirpodsUITests.a */ = {isa = PBXFileReference; explicitFileType = archive.ar; includeInIndex = 0; path = "libPods-Find my AirpodsUITests.a"; sourceTree = BUILT_PRODUCTS_DIR; };
		ECBADFD03C07B05AE6437AA6 /* libPods-Find my AirpodsTests.a */ = {isa = PBXFileReference; explicitFileType = archive.ar; includeInIndex = 0; path = "libPods-Find my AirpodsTests.a"; sourceTree = BUILT_PRODUCTS_DIR; };
/* End PBXFileReference section */

/* Begin PBXFrameworksBuildPhase section */
		33BA4F5D1E078759004A562B /* Frameworks */ = {
			isa = PBXFrameworksBuildPhase;
			buildActionMask = 2147483647;
			files = (
				22DFE08AD2449E7F8B6C77C2 /* libPods-Find my Airpods.a in Frameworks */,
			);
			runOnlyForDeploymentPostprocessing = 0;
		};
		33BA4F761E078759004A562B /* Frameworks */ = {
			isa = PBXFrameworksBuildPhase;
			buildActionMask = 2147483647;
			files = (
				17FBA79F72FC20FC3B1F8B27 /* libPods-Find my AirpodsTests.a in Frameworks */,
			);
			runOnlyForDeploymentPostprocessing = 0;
		};
		33BA4F811E078759004A562B /* Frameworks */ = {
			isa = PBXFrameworksBuildPhase;
			buildActionMask = 2147483647;
			files = (
				26F7E858170D1ECC1EDD3BBC /* libPods-Find my AirpodsUITests.a in Frameworks */,
			);
			runOnlyForDeploymentPostprocessing = 0;
		};
/* End PBXFrameworksBuildPhase section */

/* Begin PBXGroup section */
		28758E7AE4CB882276D4520F /* Frameworks */ = {
			isa = PBXGroup;
			children = (
				45F1884A60554D58B896D47F /* libPods-Find my Airpods.a */,
				ECBADFD03C07B05AE6437AA6 /* libPods-Find my AirpodsTests.a */,
				C76A321ECE25B4F8EE8F81F0 /* libPods-Find my AirpodsUITests.a */,
			);
			name = Frameworks;
			sourceTree = "<group>";
		};
		29C2B624F321905403821C07 /* Pods */ = {
			isa = PBXGroup;
			children = (
				C5D79F5F4203B42B4669F9C5 /* Pods-Find my Airpods.debug.xcconfig */,
				8075D6992074F7ACF9643732 /* Pods-Find my Airpods.release.xcconfig */,
				490C5815F27DE95D7EDDE7D3 /* Pods-Find my AirpodsTests.debug.xcconfig */,
				C2A56CDC494583415C66408B /* Pods-Find my AirpodsTests.release.xcconfig */,
				3337DF8BED61C3FF2229DFB8 /* Pods-Find my AirpodsUITests.debug.xcconfig */,
				97A56E1DC735A5CB29E952F4 /* Pods-Find my AirpodsUITests.release.xcconfig */,
			);
			name = Pods;
			sourceTree = "<group>";
		};
		339B792F1E0D5B530060D9BB /* Models */ = {
			isa = PBXGroup;
			children = (
				339B79301E0D5B790060D9BB /* BLDataModel.h */,
				339B79311E0D5B790060D9BB /* BLDataModel.m */,
			);
			name = Models;
			sourceTree = "<group>";
		};
		33BA4F571E078759004A562B = {
			isa = PBXGroup;
			children = (
				33BA4F621E078759004A562B /* Find my Airpods */,
				33BA4F7C1E078759004A562B /* Find my AirpodsTests */,
				33BA4F871E078759004A562B /* Find my AirpodsUITests */,
				33BA4F611E078759004A562B /* Products */,
				29C2B624F321905403821C07 /* Pods */,
				28758E7AE4CB882276D4520F /* Frameworks */,
			);
			sourceTree = "<group>";
		};
		33BA4F611E078759004A562B /* Products */ = {
			isa = PBXGroup;
			children = (
				33BA4F601E078759004A562B /* Find my Airpods.app */,
				33BA4F791E078759004A562B /* Find my AirpodsTests.xctest */,
				33BA4F841E078759004A562B /* Find my AirpodsUITests.xctest */,
			);
			name = Products;
			sourceTree = "<group>";
		};
		33BA4F621E078759004A562B /* Find my Airpods */ = {
			isa = PBXGroup;
			children = (
				339B792F1E0D5B530060D9BB /* Models */,
				33BA4FAD1E0A280D004A562B /* View Controllers */,
				33BA4F9A1E0833B4004A562B /* Images */,
				33BA4F961E082CFA004A562B /* Tutorial View Controllers */,
				33BA4F661E078759004A562B /* AppDelegate.h */,
				33BA4F671E078759004A562B /* AppDelegate.m */,
				33BA4F691E078759004A562B /* ViewController.h */,
				33BA4F6A1E078759004A562B /* ViewController.m */,
				33BA4F6C1E078759004A562B /* Main.storyboard */,
				33BA4F6F1E078759004A562B /* Assets.xcassets */,
				33BA4F711E078759004A562B /* LaunchScreen.storyboard */,
				33BA4F741E078759004A562B /* Info.plist */,
				33BA4F631E078759004A562B /* Supporting Files */,
				339B79251E0CDF2F0060D9BB /* WatchOSStoryboard.storyboard */,
				339B79331E0D7B490060D9BB /* Constants.h */,
			);
			path = "Find my Airpods";
			sourceTree = "<group>";
		};
		33BA4F631E078759004A562B /* Supporting Files */ = {
			isa = PBXGroup;
			children = (
				33BA4FB11E0AAEA5004A562B /* TransferService.h */,
				33BA4F641E078759004A562B /* main.m */,
			);
			name = "Supporting Files";
			sourceTree = "<group>";
		};
		33BA4F7C1E078759004A562B /* Find my AirpodsTests */ = {
			isa = PBXGroup;
			children = (
				33BA4F7D1E078759004A562B /* Find_my_AirpodsTests.m */,
				33BA4F7F1E078759004A562B /* Info.plist */,
			);
			path = "Find my AirpodsTests";
			sourceTree = "<group>";
		};
		33BA4F871E078759004A562B /* Find my AirpodsUITests */ = {
			isa = PBXGroup;
			children = (
				33BA4F881E078759004A562B /* Find_my_AirpodsUITests.m */,
				33BA4F8A1E078759004A562B /* Info.plist */,
			);
			path = "Find my AirpodsUITests";
			sourceTree = "<group>";
		};
		33BA4F961E082CFA004A562B /* Tutorial View Controllers */ = {
			isa = PBXGroup;
			children = (
				33BA4F971E082EF9004A562B /* Tutorial-Screen-One-ViewController.h */,
				33BA4F981E082EF9004A562B /* Tutorial-Screen-One-ViewController.m */,
				33BA4FA71E09228E004A562B /* Tutorial-Screen-Pods-Chooser-ViewController.h */,
				33BA4FA81E09228E004A562B /* Tutorial-Screen-Pods-Chooser-ViewController.m */,
				33BA4FAA1E098C21004A562B /* AirpodsCaseViewController.h */,
				33BA4FAB1E098C21004A562B /* AirpodsCaseViewController.m */,
				339B79291E0D2F000060D9BB /* NameChooseViewController.h */,
				339B792A1E0D2F000060D9BB /* NameChooseViewController.m */,
			);
			name = "Tutorial View Controllers";
			sourceTree = "<group>";
		};
		33BA4F9A1E0833B4004A562B /* Images */ = {
			isa = PBXGroup;
			children = (
				336B024C1E2F26CB003BD78A /* airpods-top-part-updated.png */,
				339B79231E0BAC510060D9BB /* airpods logo.png */,
				336B02541E32615C003BD78A /* airpods-left-part-updated.png */,
				336B024E1E324FB7003BD78A /* airpods-bottom-part-updated.png */,
				9DB515F51E4CB3170050721C /* airpods-right-part-updated-v2.png */,
				9DB515F91E4CB9530050721C /* airpods-left-part-updated-v3.png */,
				9DB515FA1E4CB9530050721C /* airpods-right-part-updated-v3.png */,
				9DB515F71E4CB31D0050721C /* airpods-left-part-updated-v2.png */,
				33BA4FA31E08433F004A562B /* airpods-left.png */,
				33BA4FA41E08433F004A562B /* airpods-right.png */,
				338966841E3A5B6500622A9D /* airpods-right-part-updated.png */,
				339B79271E0CF7360060D9BB /* black-dot.jpg */,
				33BA4F9F1E08390F004A562B /* airpods-bottom-part.png */,
				33BA4FA01E08390F004A562B /* airpods-top-part.png */,
			);
			name = Images;
			sourceTree = "<group>";
		};
		33BA4FAD1E0A280D004A562B /* View Controllers */ = {
			isa = PBXGroup;
			children = (
				33BA4FAE1E0A2826004A562B /* FinderViewController.h */,
				33BA4FAF1E0A2826004A562B /* FinderViewController.m */,
				33BA4FB21E0AD298004A562B /* FinalViewController.h */,
				33BA4FB31E0AD298004A562B /* FinalViewController.m */,
				339B792C1E0D5A7B0060D9BB /* SelectAirpodTableViewController.h */,
				339B792D1E0D5A7B0060D9BB /* SelectAirpodTableViewController.m */,
			);
			name = "View Controllers";
			sourceTree = "<group>";
		};
/* End PBXGroup section */

/* Begin PBXNativeTarget section */
		33BA4F5F1E078759004A562B /* Find my Airpods */ = {
			isa = PBXNativeTarget;
			buildConfigurationList = 33BA4F8D1E078759004A562B /* Build configuration list for PBXNativeTarget "Find my Airpods" */;
			buildPhases = (
				7337542D198457489A6137E0 /* [CP] Check Pods Manifest.lock */,
				33BA4F5C1E078759004A562B /* Sources */,
				33BA4F5D1E078759004A562B /* Frameworks */,
				33BA4F5E1E078759004A562B /* Resources */,
				62219F18542D1EF315C7FC4D /* [CP] Embed Pods Frameworks */,
				807741CE97F43086440023DD /* [CP] Copy Pods Resources */,
			);
			buildRules = (
			);
			dependencies = (
			);
			name = "Find my Airpods";
			productName = "Find my Airpods";
			productReference = 33BA4F601E078759004A562B /* Find my Airpods.app */;
			productType = "com.apple.product-type.application";
		};
		33BA4F781E078759004A562B /* Find my AirpodsTests */ = {
			isa = PBXNativeTarget;
			buildConfigurationList = 33BA4F901E078759004A562B /* Build configuration list for PBXNativeTarget "Find my AirpodsTests" */;
			buildPhases = (
				1CA423C185E66440F2B24301 /* [CP] Check Pods Manifest.lock */,
				33BA4F751E078759004A562B /* Sources */,
				33BA4F761E078759004A562B /* Frameworks */,
				33BA4F771E078759004A562B /* Resources */,
				381770FC33CED965D7719B99 /* [CP] Embed Pods Frameworks */,
				91F110E7910642FEC1FEAE08 /* [CP] Copy Pods Resources */,
			);
			buildRules = (
			);
			dependencies = (
				33BA4F7B1E078759004A562B /* PBXTargetDependency */,
			);
			name = "Find my AirpodsTests";
			productName = "Find my AirpodsTests";
			productReference = 33BA4F791E078759004A562B /* Find my AirpodsTests.xctest */;
			productType = "com.apple.product-type.bundle.unit-test";
		};
		33BA4F831E078759004A562B /* Find my AirpodsUITests */ = {
			isa = PBXNativeTarget;
			buildConfigurationList = 33BA4F931E078759004A562B /* Build configuration list for PBXNativeTarget "Find my AirpodsUITests" */;
			buildPhases = (
				D62F3E69D74F7565718D739A /* [CP] Check Pods Manifest.lock */,
				33BA4F801E078759004A562B /* Sources */,
				33BA4F811E078759004A562B /* Frameworks */,
				33BA4F821E078759004A562B /* Resources */,
				AFDB39CF44632B0B9FB64741 /* [CP] Copy Pods Resources */,
				5BAA42CA25E6F7578E03BD52 /* [CP] Embed Pods Frameworks */,
			);
			buildRules = (
			);
			dependencies = (
				33BA4F861E078759004A562B /* PBXTargetDependency */,
			);
			name = "Find my AirpodsUITests";
			productName = "Find my AirpodsUITests";
			productReference = 33BA4F841E078759004A562B /* Find my AirpodsUITests.xctest */;
			productType = "com.apple.product-type.bundle.ui-testing";
		};
/* End PBXNativeTarget section */

/* Begin PBXProject section */
		33BA4F581E078759004A562B /* Project object */ = {
			isa = PBXProject;
			attributes = {
				LastUpgradeCheck = 0820;
				ORGANIZATIONNAME = "Deucks Pty Ltd";
				TargetAttributes = {
					33BA4F5F1E078759004A562B = {
						CreatedOnToolsVersion = 8.1;
						DevelopmentTeam = UFUG5S5474;
						ProvisioningStyle = Automatic;
						SystemCapabilities = {
							com.apple.BackgroundModes = {
								enabled = 0;
							};
						};
					};
					33BA4F781E078759004A562B = {
						CreatedOnToolsVersion = 8.1;
						DevelopmentTeam = UFUG5S5474;
						ProvisioningStyle = Automatic;
						TestTargetID = 33BA4F5F1E078759004A562B;
					};
					33BA4F831E078759004A562B = {
						CreatedOnToolsVersion = 8.1;
						DevelopmentTeam = UFUG5S5474;
						ProvisioningStyle = Automatic;
						TestTargetID = 33BA4F5F1E078759004A562B;
					};
				};
			};
			buildConfigurationList = 33BA4F5B1E078759004A562B /* Build configuration list for PBXProject "Find my Airpods" */;
			compatibilityVersion = "Xcode 3.2";
			developmentRegion = English;
			hasScannedForEncodings = 0;
			knownRegions = (
				en,
				Base,
			);
			mainGroup = 33BA4F571E078759004A562B;
			productRefGroup = 33BA4F611E078759004A562B /* Products */;
			projectDirPath = "";
			projectRoot = "";
			targets = (
				33BA4F5F1E078759004A562B /* Find my Airpods */,
				33BA4F781E078759004A562B /* Find my AirpodsTests */,
				33BA4F831E078759004A562B /* Find my AirpodsUITests */,
			);
		};
/* End PBXProject section */

/* Begin PBXResourcesBuildPhase section */
		33BA4F5E1E078759004A562B /* Resources */ = {
			isa = PBXResourcesBuildPhase;
			buildActionMask = 2147483647;
			files = (
				339B79281E0CF7360060D9BB /* black-dot.jpg in Resources */,
				33BA4F731E078759004A562B /* LaunchScreen.storyboard in Resources */,
				33BA4FA21E08390F004A562B /* airpods-top-part.png in Resources */,
				33BA4F701E078759004A562B /* Assets.xcassets in Resources */,
				338966851E3A5B6500622A9D /* airpods-right-part-updated.png in Resources */,
				336B024F1E324FB7003BD78A /* airpods-bottom-part-updated.png in Resources */,
				9DB515FB1E4CB9530050721C /* airpods-left-part-updated-v3.png in Resources */,
				33BA4FA51E08433F004A562B /* airpods-left.png in Resources */,
				336B024D1E2F26CB003BD78A /* airpods-top-part-updated.png in Resources */,
				33BA4FA11E08390F004A562B /* airpods-bottom-part.png in Resources */,
				9DB515FC1E4CB9530050721C /* airpods-right-part-updated-v3.png in Resources */,
				33BA4FA61E08433F004A562B /* airpods-right.png in Resources */,
				9DB515F81E4CB31D0050721C /* airpods-left-part-updated-v2.png in Resources */,
				339B79241E0BAC510060D9BB /* airpods logo.png in Resources */,
				336B02551E32615C003BD78A /* airpods-left-part-updated.png in Resources */,
				9DB515F61E4CB3170050721C /* airpods-right-part-updated-v2.png in Resources */,
				33BA4F6E1E078759004A562B /* Main.storyboard in Resources */,
			);
			runOnlyForDeploymentPostprocessing = 0;
		};
		33BA4F771E078759004A562B /* Resources */ = {
			isa = PBXResourcesBuildPhase;
			buildActionMask = 2147483647;
			files = (
			);
			runOnlyForDeploymentPostprocessing = 0;
		};
		33BA4F821E078759004A562B /* Resources */ = {
			isa = PBXResourcesBuildPhase;
			buildActionMask = 2147483647;
			files = (
			);
			runOnlyForDeploymentPostprocessing = 0;
		};
/* End PBXResourcesBuildPhase section */

/* Begin PBXShellScriptBuildPhase section */
		1CA423C185E66440F2B24301 /* [CP] Check Pods Manifest.lock */ = {
			isa = PBXShellScriptBuildPhase;
			buildActionMask = 2147483647;
			files = (
			);
			inputPaths = (
			);
			name = "[CP] Check Pods Manifest.lock";
			outputPaths = (
			);
			runOnlyForDeploymentPostprocessing = 0;
			shellPath = /bin/sh;
			shellScript = "diff \"${PODS_ROOT}/../Podfile.lock\" \"${PODS_ROOT}/Manifest.lock\" > /dev/null\nif [ $? != 0 ] ; then\n    # print error to STDERR\n    echo \"error: The sandbox is not in sync with the Podfile.lock. Run 'pod install' or update your CocoaPods installation.\" >&2\n    exit 1\nfi\n";
			showEnvVarsInLog = 0;
		};
		381770FC33CED965D7719B99 /* [CP] Embed Pods Frameworks */ = {
			isa = PBXShellScriptBuildPhase;
			buildActionMask = 2147483647;
			files = (
			);
			inputPaths = (
			);
			name = "[CP] Embed Pods Frameworks";
			outputPaths = (
			);
			runOnlyForDeploymentPostprocessing = 0;
			shellPath = /bin/sh;
			shellScript = "\"${SRCROOT}/Pods/Target Support Files/Pods-Find my AirpodsTests/Pods-Find my AirpodsTests-frameworks.sh\"\n";
			showEnvVarsInLog = 0;
		};
		5BAA42CA25E6F7578E03BD52 /* [CP] Embed Pods Frameworks */ = {
			isa = PBXShellScriptBuildPhase;
			buildActionMask = 2147483647;
			files = (
			);
			inputPaths = (
			);
			name = "[CP] Embed Pods Frameworks";
			outputPaths = (
			);
			runOnlyForDeploymentPostprocessing = 0;
			shellPath = /bin/sh;
			shellScript = "\"${SRCROOT}/Pods/Target Support Files/Pods-Find my AirpodsUITests/Pods-Find my AirpodsUITests-frameworks.sh\"\n";
			showEnvVarsInLog = 0;
		};
		62219F18542D1EF315C7FC4D /* [CP] Embed Pods Frameworks */ = {
			isa = PBXShellScriptBuildPhase;
			buildActionMask = 2147483647;
			files = (
			);
			inputPaths = (
			);
			name = "[CP] Embed Pods Frameworks";
			outputPaths = (
			);
			runOnlyForDeploymentPostprocessing = 0;
			shellPath = /bin/sh;
			shellScript = "\"${SRCROOT}/Pods/Target Support Files/Pods-Find my Airpods/Pods-Find my Airpods-frameworks.sh\"\n";
			showEnvVarsInLog = 0;
		};
		7337542D198457489A6137E0 /* [CP] Check Pods Manifest.lock */ = {
			isa = PBXShellScriptBuildPhase;
			buildActionMask = 2147483647;
			files = (
			);
			inputPaths = (
			);
			name = "[CP] Check Pods Manifest.lock";
			outputPaths = (
			);
			runOnlyForDeploymentPostprocessing = 0;
			shellPath = /bin/sh;
			shellScript = "diff \"${PODS_ROOT}/../Podfile.lock\" \"${PODS_ROOT}/Manifest.lock\" > /dev/null\nif [ $? != 0 ] ; then\n    # print error to STDERR\n    echo \"error: The sandbox is not in sync with the Podfile.lock. Run 'pod install' or update your CocoaPods installation.\" >&2\n    exit 1\nfi\n";
			showEnvVarsInLog = 0;
		};
		807741CE97F43086440023DD /* [CP] Copy Pods Resources */ = {
			isa = PBXShellScriptBuildPhase;
			buildActionMask = 2147483647;
			files = (
			);
			inputPaths = (
			);
			name = "[CP] Copy Pods Resources";
			outputPaths = (
			);
			runOnlyForDeploymentPostprocessing = 0;
			shellPath = /bin/sh;
			shellScript = "\"${SRCROOT}/Pods/Target Support Files/Pods-Find my Airpods/Pods-Find my Airpods-resources.sh\"\n";
			showEnvVarsInLog = 0;
		};
		91F110E7910642FEC1FEAE08 /* [CP] Copy Pods Resources */ = {
			isa = PBXShellScriptBuildPhase;
			buildActionMask = 2147483647;
			files = (
			);
			inputPaths = (
			);
			name = "[CP] Copy Pods Resources";
			outputPaths = (
			);
			runOnlyForDeploymentPostprocessing = 0;
			shellPath = /bin/sh;
			shellScript = "\"${SRCROOT}/Pods/Target Support Files/Pods-Find my AirpodsTests/Pods-Find my AirpodsTests-resources.sh\"\n";
			showEnvVarsInLog = 0;
		};
		AFDB39CF44632B0B9FB64741 /* [CP] Copy Pods Resources */ = {
			isa = PBXShellScriptBuildPhase;
			buildActionMask = 2147483647;
			files = (
			);
			inputPaths = (
			);
			name = "[CP] Copy Pods Resources";
			outputPaths = (
			);
			runOnlyForDeploymentPostprocessing = 0;
			shellPath = /bin/sh;
			shellScript = "\"${SRCROOT}/Pods/Target Support Files/Pods-Find my AirpodsUITests/Pods-Find my AirpodsUITests-resources.sh\"\n";
			showEnvVarsInLog = 0;
		};
		D62F3E69D74F7565718D739A /* [CP] Check Pods Manifest.lock */ = {
			isa = PBXShellScriptBuildPhase;
			buildActionMask = 2147483647;
			files = (
			);
			inputPaths = (
			);
			name = "[CP] Check Pods Manifest.lock";
			outputPaths = (
			);
			runOnlyForDeploymentPostprocessing = 0;
			shellPath = /bin/sh;
			shellScript = "diff \"${PODS_ROOT}/../Podfile.lock\" \"${PODS_ROOT}/Manifest.lock\" > /dev/null\nif [ $? != 0 ] ; then\n    # print error to STDERR\n    echo \"error: The sandbox is not in sync with the Podfile.lock. Run 'pod install' or update your CocoaPods installation.\" >&2\n    exit 1\nfi\n";
			showEnvVarsInLog = 0;
		};
/* End PBXShellScriptBuildPhase section */

/* Begin PBXSourcesBuildPhase section */
		33BA4F5C1E078759004A562B /* Sources */ = {
			isa = PBXSourcesBuildPhase;
			buildActionMask = 2147483647;
			files = (
				339B792E1E0D5A7B0060D9BB /* SelectAirpodTableViewController.m in Sources */,
				339B79321E0D5B790060D9BB /* BLDataModel.m in Sources */,
				33BA4F6B1E078759004A562B /* ViewController.m in Sources */,
				33BA4FB41E0AD298004A562B /* FinalViewController.m in Sources */,
				33BA4F681E078759004A562B /* AppDelegate.m in Sources */,
				33BA4FB01E0A2826004A562B /* FinderViewController.m in Sources */,
				33BA4F651E078759004A562B /* main.m in Sources */,
				33BA4FAC1E098C21004A562B /* AirpodsCaseViewController.m in Sources */,
				33BA4F991E082EF9004A562B /* Tutorial-Screen-One-ViewController.m in Sources */,
				339B792B1E0D2F000060D9BB /* NameChooseViewController.m in Sources */,
				33BA4FA91E09228E004A562B /* Tutorial-Screen-Pods-Chooser-ViewController.m in Sources */,
			);
			runOnlyForDeploymentPostprocessing = 0;
		};
		33BA4F751E078759004A562B /* Sources */ = {
			isa = PBXSourcesBuildPhase;
			buildActionMask = 2147483647;
			files = (
				33BA4F7E1E078759004A562B /* Find_my_AirpodsTests.m in Sources */,
			);
			runOnlyForDeploymentPostprocessing = 0;
		};
		33BA4F801E078759004A562B /* Sources */ = {
			isa = PBXSourcesBuildPhase;
			buildActionMask = 2147483647;
			files = (
				33BA4F891E078759004A562B /* Find_my_AirpodsUITests.m in Sources */,
			);
			runOnlyForDeploymentPostprocessing = 0;
		};
/* End PBXSourcesBuildPhase section */

/* Begin PBXTargetDependency section */
		33BA4F7B1E078759004A562B /* PBXTargetDependency */ = {
			isa = PBXTargetDependency;
			target = 33BA4F5F1E078759004A562B /* Find my Airpods */;
			targetProxy = 33BA4F7A1E078759004A562B /* PBXContainerItemProxy */;
		};
		33BA4F861E078759004A562B /* PBXTargetDependency */ = {
			isa = PBXTargetDependency;
			target = 33BA4F5F1E078759004A562B /* Find my Airpods */;
			targetProxy = 33BA4F851E078759004A562B /* PBXContainerItemProxy */;
		};
/* End PBXTargetDependency section */

/* Begin PBXVariantGroup section */
		33BA4F6C1E078759004A562B /* Main.storyboard */ = {
			isa = PBXVariantGroup;
			children = (
				33BA4F6D1E078759004A562B /* Base */,
			);
			name = Main.storyboard;
			sourceTree = "<group>";
		};
		33BA4F711E078759004A562B /* LaunchScreen.storyboard */ = {
			isa = PBXVariantGroup;
			children = (
				33BA4F721E078759004A562B /* Base */,
			);
			name = LaunchScreen.storyboard;
			sourceTree = "<group>";
		};
/* End PBXVariantGroup section */

/* Begin XCBuildConfiguration section */
		33BA4F8B1E078759004A562B /* Debug */ = {
			isa = XCBuildConfiguration;
			buildSettings = {
				ALWAYS_SEARCH_USER_PATHS = NO;
				CLANG_ANALYZER_NONNULL = YES;
				CLANG_CXX_LANGUAGE_STANDARD = "gnu++0x";
				CLANG_CXX_LIBRARY = "libc++";
				CLANG_ENABLE_MODULES = YES;
				CLANG_ENABLE_OBJC_ARC = YES;
				CLANG_WARN_BOOL_CONVERSION = YES;
				CLANG_WARN_CONSTANT_CONVERSION = YES;
				CLANG_WARN_DIRECT_OBJC_ISA_USAGE = YES_ERROR;
				CLANG_WARN_DOCUMENTATION_COMMENTS = YES;
				CLANG_WARN_EMPTY_BODY = YES;
				CLANG_WARN_ENUM_CONVERSION = YES;
				CLANG_WARN_INFINITE_RECURSION = YES;
				CLANG_WARN_INT_CONVERSION = YES;
				CLANG_WARN_OBJC_ROOT_CLASS = YES_ERROR;
				CLANG_WARN_SUSPICIOUS_MOVE = YES;
				CLANG_WARN_SUSPICIOUS_MOVES = YES;
				CLANG_WARN_UNREACHABLE_CODE = YES;
				CLANG_WARN__DUPLICATE_METHOD_MATCH = YES;
				"CODE_SIGN_IDENTITY[sdk=iphoneos*]" = "iPhone Developer";
				COPY_PHASE_STRIP = NO;
				DEBUG_INFORMATION_FORMAT = dwarf;
				ENABLE_STRICT_OBJC_MSGSEND = YES;
				ENABLE_TESTABILITY = YES;
				GCC_C_LANGUAGE_STANDARD = gnu99;
				GCC_DYNAMIC_NO_PIC = NO;
				GCC_NO_COMMON_BLOCKS = YES;
				GCC_OPTIMIZATION_LEVEL = 0;
				GCC_PREPROCESSOR_DEFINITIONS = (
					"DEBUG=1",
					"$(inherited)",
				);
				GCC_WARN_64_TO_32_BIT_CONVERSION = YES;
				GCC_WARN_ABOUT_RETURN_TYPE = YES_ERROR;
				GCC_WARN_UNDECLARED_SELECTOR = YES;
				GCC_WARN_UNINITIALIZED_AUTOS = YES_AGGRESSIVE;
				GCC_WARN_UNUSED_FUNCTION = YES;
				GCC_WARN_UNUSED_VARIABLE = YES;
				IPHONEOS_DEPLOYMENT_TARGET = 10.1;
				MTL_ENABLE_DEBUG_INFO = YES;
				ONLY_ACTIVE_ARCH = YES;
				SDKROOT = iphoneos;
				TARGETED_DEVICE_FAMILY = "1,2";
			};
			name = Debug;
		};
		33BA4F8C1E078759004A562B /* Release */ = {
			isa = XCBuildConfiguration;
			buildSettings = {
				ALWAYS_SEARCH_USER_PATHS = NO;
				CLANG_ANALYZER_NONNULL = YES;
				CLANG_CXX_LANGUAGE_STANDARD = "gnu++0x";
				CLANG_CXX_LIBRARY = "libc++";
				CLANG_ENABLE_MODULES = YES;
				CLANG_ENABLE_OBJC_ARC = YES;
				CLANG_WARN_BOOL_CONVERSION = YES;
				CLANG_WARN_CONSTANT_CONVERSION = YES;
				CLANG_WARN_DIRECT_OBJC_ISA_USAGE = YES_ERROR;
				CLANG_WARN_DOCUMENTATION_COMMENTS = YES;
				CLANG_WARN_EMPTY_BODY = YES;
				CLANG_WARN_ENUM_CONVERSION = YES;
				CLANG_WARN_INFINITE_RECURSION = YES;
				CLANG_WARN_INT_CONVERSION = YES;
				CLANG_WARN_OBJC_ROOT_CLASS = YES_ERROR;
				CLANG_WARN_SUSPICIOUS_MOVE = YES;
				CLANG_WARN_SUSPICIOUS_MOVES = YES;
				CLANG_WARN_UNREACHABLE_CODE = YES;
				CLANG_WARN__DUPLICATE_METHOD_MATCH = YES;
				"CODE_SIGN_IDENTITY[sdk=iphoneos*]" = "iPhone Developer";
				COPY_PHASE_STRIP = NO;
				DEBUG_INFORMATION_FORMAT = "dwarf-with-dsym";
				ENABLE_NS_ASSERTIONS = NO;
				ENABLE_STRICT_OBJC_MSGSEND = YES;
				GCC_C_LANGUAGE_STANDARD = gnu99;
				GCC_NO_COMMON_BLOCKS = YES;
				GCC_WARN_64_TO_32_BIT_CONVERSION = YES;
				GCC_WARN_ABOUT_RETURN_TYPE = YES_ERROR;
				GCC_WARN_UNDECLARED_SELECTOR = YES;
				GCC_WARN_UNINITIALIZED_AUTOS = YES_AGGRESSIVE;
				GCC_WARN_UNUSED_FUNCTION = YES;
				GCC_WARN_UNUSED_VARIABLE = YES;
				IPHONEOS_DEPLOYMENT_TARGET = 10.1;
				MTL_ENABLE_DEBUG_INFO = NO;
				SDKROOT = iphoneos;
				TARGETED_DEVICE_FAMILY = "1,2";
				VALIDATE_PRODUCT = YES;
			};
			name = Release;
		};
		33BA4F8E1E078759004A562B /* Debug */ = {
			isa = XCBuildConfiguration;
			baseConfigurationReference = C5D79F5F4203B42B4669F9C5 /* Pods-Find my Airpods.debug.xcconfig */;
			buildSettings = {
				ASSETCATALOG_COMPILER_APPICON_NAME = AppIcon;
				DEVELOPMENT_TEAM = UFUG5S5474;
				INFOPLIST_FILE = "Find my Airpods/Info.plist";
				IPHONEOS_DEPLOYMENT_TARGET = 8.1;
				LD_RUNPATH_SEARCH_PATHS = "$(inherited) @executable_path/Frameworks";
				PRODUCT_BUNDLE_IDENTIFIER = "com.deucks.Find-my-Pods";
				PRODUCT_NAME = "$(TARGET_NAME)";
			};
			name = Debug;
		};
		33BA4F8F1E078759004A562B /* Release */ = {
			isa = XCBuildConfiguration;
			baseConfigurationReference = 8075D6992074F7ACF9643732 /* Pods-Find my Airpods.release.xcconfig */;
			buildSettings = {
				ASSETCATALOG_COMPILER_APPICON_NAME = AppIcon;
				DEVELOPMENT_TEAM = UFUG5S5474;
				INFOPLIST_FILE = "Find my Airpods/Info.plist";
				IPHONEOS_DEPLOYMENT_TARGET = 8.1;
				LD_RUNPATH_SEARCH_PATHS = "$(inherited) @executable_path/Frameworks";
				PRODUCT_BUNDLE_IDENTIFIER = "com.deucks.Find-my-Pods";
				PRODUCT_NAME = "$(TARGET_NAME)";
			};
			name = Release;
		};
		33BA4F911E078759004A562B /* Debug */ = {
			isa = XCBuildConfiguration;
			baseConfigurationReference = 490C5815F27DE95D7EDDE7D3 /* Pods-Find my AirpodsTests.debug.xcconfig */;
			buildSettings = {
				BUNDLE_LOADER = "$(TEST_HOST)";
				DEVELOPMENT_TEAM = UFUG5S5474;
				INFOPLIST_FILE = "Find my AirpodsTests/Info.plist";
				LD_RUNPATH_SEARCH_PATHS = "$(inherited) @executable_path/Frameworks @loader_path/Frameworks";
				PRODUCT_BUNDLE_IDENTIFIER = "com.deucks.Find-my-AirpodsTests";
				PRODUCT_NAME = "$(TARGET_NAME)";
				TEST_HOST = "$(BUILT_PRODUCTS_DIR)/Find my Airpods.app/Find my Airpods";
			};
			name = Debug;
		};
		33BA4F921E078759004A562B /* Release */ = {
			isa = XCBuildConfiguration;
			baseConfigurationReference = C2A56CDC494583415C66408B /* Pods-Find my AirpodsTests.release.xcconfig */;
			buildSettings = {
				BUNDLE_LOADER = "$(TEST_HOST)";
				DEVELOPMENT_TEAM = UFUG5S5474;
				INFOPLIST_FILE = "Find my AirpodsTests/Info.plist";
				LD_RUNPATH_SEARCH_PATHS = "$(inherited) @executable_path/Frameworks @loader_path/Frameworks";
				PRODUCT_BUNDLE_IDENTIFIER = "com.deucks.Find-my-AirpodsTests";
				PRODUCT_NAME = "$(TARGET_NAME)";
				TEST_HOST = "$(BUILT_PRODUCTS_DIR)/Find my Airpods.app/Find my Airpods";
			};
			name = Release;
		};
		33BA4F941E078759004A562B /* Debug */ = {
			isa = XCBuildConfiguration;
			baseConfigurationReference = 3337DF8BED61C3FF2229DFB8 /* Pods-Find my AirpodsUITests.debug.xcconfig */;
			buildSettings = {
				DEVELOPMENT_TEAM = UFUG5S5474;
				INFOPLIST_FILE = "Find my AirpodsUITests/Info.plist";
				LD_RUNPATH_SEARCH_PATHS = "$(inherited) @executable_path/Frameworks @loader_path/Frameworks";
				PRODUCT_BUNDLE_IDENTIFIER = "com.deucks.Find-my-AirpodsUITests";
				PRODUCT_NAME = "$(TARGET_NAME)";
				TEST_TARGET_NAME = "Find my Airpods";
			};
			name = Debug;
		};
		33BA4F951E078759004A562B /* Release */ = {
			isa = XCBuildConfiguration;
			baseConfigurationReference = 97A56E1DC735A5CB29E952F4 /* Pods-Find my AirpodsUITests.release.xcconfig */;
			buildSettings = {
				DEVELOPMENT_TEAM = UFUG5S5474;
				INFOPLIST_FILE = "Find my AirpodsUITests/Info.plist";
				LD_RUNPATH_SEARCH_PATHS = "$(inherited) @executable_path/Frameworks @loader_path/Frameworks";
				PRODUCT_BUNDLE_IDENTIFIER = "com.deucks.Find-my-AirpodsUITests";
				PRODUCT_NAME = "$(TARGET_NAME)";
				TEST_TARGET_NAME = "Find my Airpods";
			};
			name = Release;
		};
/* End XCBuildConfiguration section */

/* Begin XCConfigurationList section */
		33BA4F5B1E078759004A562B /* Build configuration list for PBXProject "Find my Airpods" */ = {
			isa = XCConfigurationList;
			buildConfigurations = (
				33BA4F8B1E078759004A562B /* Debug */,
				33BA4F8C1E078759004A562B /* Release */,
			);
			defaultConfigurationIsVisible = 0;
			defaultConfigurationName = Release;
		};
		33BA4F8D1E078759004A562B /* Build configuration list for PBXNativeTarget "Find my Airpods" */ = {
			isa = XCConfigurationList;
			buildConfigurations = (
				33BA4F8E1E078759004A562B /* Debug */,
				33BA4F8F1E078759004A562B /* Release */,
			);
			defaultConfigurationIsVisible = 0;
			defaultConfigurationName = Release;
		};
		33BA4F901E078759004A562B /* Build configuration list for PBXNativeTarget "Find my AirpodsTests" */ = {
			isa = XCConfigurationList;
			buildConfigurations = (
				33BA4F911E078759004A562B /* Debug */,
				33BA4F921E078759004A562B /* Release */,
			);
			defaultConfigurationIsVisible = 0;
			defaultConfigurationName = Release;
		};
		33BA4F931E078759004A562B /* Build configuration list for PBXNativeTarget "Find my AirpodsUITests" */ = {
			isa = XCConfigurationList;
			buildConfigurations = (
				33BA4F941E078759004A562B /* Debug */,
				33BA4F951E078759004A562B /* Release */,
			);
			defaultConfigurationIsVisible = 0;
			defaultConfigurationName = Release;
		};
/* End XCConfigurationList section */
	};
	rootObject = 33BA4F581E078759004A562B /* Project object */;
}
