// !$*UTF8*$!
{
	archiveVersion = 1;
	classes = {
	};
	objectVersion = 46;
	objects = {

/* Begin PBXBuildFile section */
		33BA4F651E078759004A562B /* main.m in Sources */ = {isa = PBXBuildFile; fileRef = 33BA4F641E078759004A562B /* main.m */; };
		33BA4F681E078759004A562B /* AppDelegate.m in Sources */ = {isa = PBXBuildFile; fileRef = 33BA4F671E078759004A562B /* AppDelegate.m */; };
		33BA4F6B1E078759004A562B /* ViewController.m in Sources */ = {isa = PBXBuildFile; fileRef = 33BA4F6A1E078759004A562B /* ViewController.m */; };
		33BA4F6E1E078759004A562B /* Main.storyboard in Resources */ = {isa = PBXBuildFile; fileRef = 33BA4F6C1E078759004A562B /* Main.storyboard */; };
		33BA4F701E078759004A562B /* Assets.xcassets in Resources */ = {isa = PBXBuildFile; fileRef = 33BA4F6F1E078759004A562B /* Assets.xcassets */; };
		33BA4F731E078759004A562B /* LaunchScreen.storyboard in Resources */ = {isa = PBXBuildFile; fileRef = 33BA4F711E078759004A562B /* LaunchScreen.storyboard */; };
		33BA4F7E1E078759004A562B /* Find_my_AirpodsTests.m in Sources */ = {isa = PBXBuildFile; fileRef = 33BA4F7D1E078759004A562B /* Find_my_AirpodsTests.m */; };
		33BA4F891E078759004A562B /* Find_my_AirpodsUITests.m in Sources */ = {isa = PBXBuildFile; fileRef = 33BA4F881E078759004A562B /* Find_my_AirpodsUITests.m */; };
/* End PBXBuildFile section */

/* Begin PBXContainerItemProxy section */
		33BA4F7A1E078759004A562B /* PBXContainerItemProxy */ = {
			isa = PBXContainerItemProxy;
			containerPortal = 33BA4F581E078759004A562B /* Project object */;
			proxyType = 1;
			remoteGlobalIDString = 33BA4F5F1E078759004A562B;
			remoteInfo = "Find my Airpods";
		};
		33BA4F851E078759004A562B /* PBXContainerItemProxy */ = {
			isa = PBXContainerItemProxy;
			containerPortal = 33BA4F581E078759004A562B /* Project object */;
			proxyType = 1;
			remoteGlobalIDString = 33BA4F5F1E078759004A562B;
			remoteInfo = "Find my Airpods";
		};
/* End PBXContainerItemProxy section */

/* Begin PBXFileReference section */
		33BA4F601E078759004A562B /* Find my Airpods.app */ = {isa = PBXFileReference; explicitFileType = wrapper.application; includeInIndex = 0; path = "Find my Airpods.app"; sourceTree = BUILT_PRODUCTS_DIR; };
		33BA4F641E078759004A562B /* main.m */ = {isa = PBXFileReference; lastKnownFileType = sourcecode.c.objc; path = main.m; sourceTree = "<group>"; };
		33BA4F661E078759004A562B /* AppDelegate.h */ = {isa = PBXFileReference; lastKnownFileType = sourcecode.c.h; path = AppDelegate.h; sourceTree = "<group>"; };
		33BA4F671E078759004A562B /* AppDelegate.m */ = {isa = PBXFileReference; lastKnownFileType = sourcecode.c.objc; path = AppDelegate.m; sourceTree = "<group>"; };
		33BA4F691E078759004A562B /* ViewController.h */ = {isa = PBXFileReference; lastKnownFileType = sourcecode.c.h; path = ViewController.h; sourceTree = "<group>"; };
		33BA4F6A1E078759004A562B /* ViewController.m */ = {isa = PBXFileReference; lastKnownFileType = sourcecode.c.objc; path = ViewController.m; sourceTree = "<group>"; };
		33BA4F6D1E078759004A562B /* Base */ = {isa = PBXFileReference; lastKnownFileType = file.storyboard; name = Base; path = Base.lproj/Main.storyboard; sourceTree = "<group>"; };
		33BA4F6F1E078759004A562B /* Assets.xcassets */ = {isa = PBXFileReference; lastKnownFileType = folder.assetcatalog; path = Assets.xcassets; sourceTree = "<group>"; };
		33BA4F721E078759004A562B /* Base */ = {isa = PBXFileReference; lastKnownFileType = file.storyboard; name = Base; path = Base.lproj/LaunchScreen.storyboard; sourceTree = "<group>"; };
		33BA4F741E078759004A562B /* Info.plist */ = {isa = PBXFileReference; lastKnownFileType = text.plist.xml; path = Info.plist; sourceTree = "<group>"; };
		33BA4F791E078759004A562B /* Find my AirpodsTests.xctest */ = {isa = PBXFileReference; explicitFileType = wrapper.cfbundle; includeInIndex = 0; path = "Find my AirpodsTests.xctest"; sourceTree = BUILT_PRODUCTS_DIR; };
		33BA4F7D1E078759004A562B /* Find_my_AirpodsTests.m */ = {isa = PBXFileReference; lastKnownFileType = sourcecode.c.objc; path = Find_my_AirpodsTests.m; sourceTree = "<group>"; };
		33BA4F7F1E078759004A562B /* Info.plist */ = {isa = PBXFileReference; lastKnownFileType = text.plist.xml; path = Info.plist; sourceTree = "<group>"; };
		33BA4F841E078759004A562B /* Find my AirpodsUITests.xctest */ = {isa = PBXFileReference; explicitFileType = wrapper.cfbundle; includeInIndex = 0; path = "Find my AirpodsUITests.xctest"; sourceTree = BUILT_PRODUCTS_DIR; };
		33BA4F881E078759004A562B /* Find_my_AirpodsUITests.m */ = {isa = PBXFileReference; lastKnownFileType = sourcecode.c.objc; path = Find_my_AirpodsUITests.m; sourceTree = "<group>"; };
		33BA4F8A1E078759004A562B /* Info.plist */ = {isa = PBXFileReference; lastKnownFileType = text.plist.xml; path = Info.plist; sourceTree = "<group>"; };
/* End PBXFileReference section */

/* Begin PBXFrameworksBuildPhase section */
		33BA4F5D1E078759004A562B /* Frameworks */ = {
			isa = PBXFrameworksBuildPhase;
			buildActionMask = 2147483647;
			files = (
			);
			runOnlyForDeploymentPostprocessing = 0;
		};
		33BA4F761E078759004A562B /* Frameworks */ = {
			isa = PBXFrameworksBuildPhase;
			buildActionMask = 2147483647;
			files = (
			);
			runOnlyForDeploymentPostprocessing = 0;
		};
		33BA4F811E078759004A562B /* Frameworks */ = {
			isa = PBXFrameworksBuildPhase;
			buildActionMask = 2147483647;
			files = (
			);
			runOnlyForDeploymentPostprocessing = 0;
		};
/* End PBXFrameworksBuildPhase section */

/* Begin PBXGroup section */
		33BA4F571E078759004A562B = {
			isa = PBXGroup;
			children = (
				33BA4F621E078759004A562B /* Find my Airpods */,
				33BA4F7C1E078759004A562B /* Find my AirpodsTests */,
				33BA4F871E078759004A562B /* Find my AirpodsUITests */,
				33BA4F611E078759004A562B /* Products */,
			);
			sourceTree = "<group>";
		};
		33BA4F611E078759004A562B /* Products */ = {
			isa = PBXGroup;
			children = (
				33BA4F601E078759004A562B /* Find my Airpods.app */,
				33BA4F791E078759004A562B /* Find my AirpodsTests.xctest */,
				33BA4F841E078759004A562B /* Find my AirpodsUITests.xctest */,
			);
			name = Products;
			sourceTree = "<group>";
		};
		33BA4F621E078759004A562B /* Find my Airpods */ = {
			isa = PBXGroup;
			children = (
				33BA4F661E078759004A562B /* AppDelegate.h */,
				33BA4F671E078759004A562B /* AppDelegate.m */,
				33BA4F691E078759004A562B /* ViewController.h */,
				33BA4F6A1E078759004A562B /* ViewController.m */,
				33BA4F6C1E078759004A562B /* Main.storyboard */,
				33BA4F6F1E078759004A562B /* Assets.xcassets */,
				33BA4F711E078759004A562B /* LaunchScreen.storyboard */,
				33BA4F741E078759004A562B /* Info.plist */,
				33BA4F631E078759004A562B /* Supporting Files */,
			);
			path = "Find my Airpods";
			sourceTree = "<group>";
		};
		33BA4F631E078759004A562B /* Supporting Files */ = {
			isa = PBXGroup;
			children = (
				33BA4F641E078759004A562B /* main.m */,
			);
			name = "Supporting Files";
			sourceTree = "<group>";
		};
		33BA4F7C1E078759004A562B /* Find my AirpodsTests */ = {
			isa = PBXGroup;
			children = (
				33BA4F7D1E078759004A562B /* Find_my_AirpodsTests.m */,
				33BA4F7F1E078759004A562B /* Info.plist */,
			);
			path = "Find my AirpodsTests";
			sourceTree = "<group>";
		};
		33BA4F871E078759004A562B /* Find my AirpodsUITests */ = {
			isa = PBXGroup;
			children = (
				33BA4F881E078759004A562B /* Find_my_AirpodsUITests.m */,
				33BA4F8A1E078759004A562B /* Info.plist */,
			);
			path = "Find my AirpodsUITests";
			sourceTree = "<group>";
		};
/* End PBXGroup section */

/* Begin PBXNativeTarget section */
		33BA4F5F1E078759004A562B /* Find my Airpods */ = {
			isa = PBXNativeTarget;
			buildConfigurationList = 33BA4F8D1E078759004A562B /* Build configuration list for PBXNativeTarget "Find my Airpods" */;
			buildPhases = (
				33BA4F5C1E078759004A562B /* Sources */,
				33BA4F5D1E078759004A562B /* Frameworks */,
				33BA4F5E1E078759004A562B /* Resources */,
			);
			buildRules = (
			);
			dependencies = (
			);
			name = "Find my Airpods";
			productName = "Find my Airpods";
			productReference = 33BA4F601E078759004A562B /* Find my Airpods.app */;
			productType = "com.apple.product-type.application";
		};
		33BA4F781E078759004A562B /* Find my AirpodsTests */ = {
			isa = PBXNativeTarget;
			buildConfigurationList = 33BA4F901E078759004A562B /* Build configuration list for PBXNativeTarget "Find my AirpodsTests" */;
			buildPhases = (
				33BA4F751E078759004A562B /* Sources */,
				33BA4F761E078759004A562B /* Frameworks */,
				33BA4F771E078759004A562B /* Resources */,
			);
			buildRules = (
			);
			dependencies = (
				33BA4F7B1E078759004A562B /* PBXTargetDependency */,
			);
			name = "Find my AirpodsTests";
			productName = "Find my AirpodsTests";
			productReference = 33BA4F791E078759004A562B /* Find my AirpodsTests.xctest */;
			productType = "com.apple.product-type.bundle.unit-test";
		};
		33BA4F831E078759004A562B /* Find my AirpodsUITests */ = {
			isa = PBXNativeTarget;
			buildConfigurationList = 33BA4F931E078759004A562B /* Build configuration list for PBXNativeTarget "Find my AirpodsUITests" */;
			buildPhases = (
				33BA4F801E078759004A562B /* Sources */,
				33BA4F811E078759004A562B /* Frameworks */,
				33BA4F821E078759004A562B /* Resources */,
			);
			buildRules = (
			);
			dependencies = (
				33BA4F861E078759004A562B /* PBXTargetDependency */,
			);
			name = "Find my AirpodsUITests";
			productName = "Find my AirpodsUITests";
			productReference = 33BA4F841E078759004A562B /* Find my AirpodsUITests.xctest */;
			productType = "com.apple.product-type.bundle.ui-testing";
		};
/* End PBXNativeTarget section */

/* Begin PBXProject section */
		33BA4F581E078759004A562B /* Project object */ = {
			isa = PBXProject;
			attributes = {
				LastUpgradeCheck = 0810;
				ORGANIZATIONNAME = "Deucks Pty Ltd";
				TargetAttributes = {
					33BA4F5F1E078759004A562B = {
						CreatedOnToolsVersion = 8.1;
						DevelopmentTeam = UFUG5S5474;
						ProvisioningStyle = Automatic;
					};
					33BA4F781E078759004A562B = {
						CreatedOnToolsVersion = 8.1;
						DevelopmentTeam = UFUG5S5474;
						ProvisioningStyle = Automatic;
						TestTargetID = 33BA4F5F1E078759004A562B;
					};
					33BA4F831E078759004A562B = {
						CreatedOnToolsVersion = 8.1;
						DevelopmentTeam = UFUG5S5474;
						ProvisioningStyle = Automatic;
						TestTargetID = 33BA4F5F1E078759004A562B;
					};
				};
			};
			buildConfigurationList = 33BA4F5B1E078759004A562B /* Build configuration list for PBXProject "Find my Airpods" */;
			compatibilityVersion = "Xcode 3.2";
			developmentRegion = English;
			hasScannedForEncodings = 0;
			knownRegions = (
				en,
				Base,
			);
			mainGroup = 33BA4F571E078759004A562B;
			productRefGroup = 33BA4F611E078759004A562B /* Products */;
			projectDirPath = "";
			projectRoot = "";
			targets = (
				33BA4F5F1E078759004A562B /* Find my Airpods */,
				33BA4F781E078759004A562B /* Find my AirpodsTests */,
				33BA4F831E078759004A562B /* Find my AirpodsUITests */,
			);
		};
/* End PBXProject section */

/* Begin PBXResourcesBuildPhase section */
		33BA4F5E1E078759004A562B /* Resources */ = {
			isa = PBXResourcesBuildPhase;
			buildActionMask = 2147483647;
			files = (
				33BA4F731E078759004A562B /* LaunchScreen.storyboard in Resources */,
				33BA4F701E078759004A562B /* Assets.xcassets in Resources */,
				33BA4F6E1E078759004A562B /* Main.storyboard in Resources */,
			);
			runOnlyForDeploymentPostprocessing = 0;
		};
		33BA4F771E078759004A562B /* Resources */ = {
			isa = PBXResourcesBuildPhase;
			buildActionMask = 2147483647;
			files = (
			);
			runOnlyForDeploymentPostprocessing = 0;
		};
		33BA4F821E078759004A562B /* Resources */ = {
			isa = PBXResourcesBuildPhase;
			buildActionMask = 2147483647;
			files = (
			);
			runOnlyForDeploymentPostprocessing = 0;
		};
/* End PBXResourcesBuildPhase section */

/* Begin PBXSourcesBuildPhase section */
		33BA4F5C1E078759004A562B /* Sources */ = {
			isa = PBXSourcesBuildPhase;
			buildActionMask = 2147483647;
			files = (
				33BA4F6B1E078759004A562B /* ViewController.m in Sources */,
				33BA4F681E078759004A562B /* AppDelegate.m in Sources */,
				33BA4F651E078759004A562B /* main.m in Sources */,
			);
			runOnlyForDeploymentPostprocessing = 0;
		};
		33BA4F751E078759004A562B /* Sources */ = {
			isa = PBXSourcesBuildPhase;
			buildActionMask = 2147483647;
			files = (
				33BA4F7E1E078759004A562B /* Find_my_AirpodsTests.m in Sources */,
			);
			runOnlyForDeploymentPostprocessing = 0;
		};
		33BA4F801E078759004A562B /* Sources */ = {
			isa = PBXSourcesBuildPhase;
			buildActionMask = 2147483647;
			files = (
				33BA4F891E078759004A562B /* Find_my_AirpodsUITests.m in Sources */,
			);
			runOnlyForDeploymentPostprocessing = 0;
		};
/* End PBXSourcesBuildPhase section */

/* Begin PBXTargetDependency section */
		33BA4F7B1E078759004A562B /* PBXTargetDependency */ = {
			isa = PBXTargetDependency;
			target = 33BA4F5F1E078759004A562B /* Find my Airpods */;
			targetProxy = 33BA4F7A1E078759004A562B /* PBXContainerItemProxy */;
		};
		33BA4F861E078759004A562B /* PBXTargetDependency */ = {
			isa = PBXTargetDependency;
			target = 33BA4F5F1E078759004A562B /* Find my Airpods */;
			targetProxy = 33BA4F851E078759004A562B /* PBXContainerItemProxy */;
		};
/* End PBXTargetDependency section */

/* Begin PBXVariantGroup section */
		33BA4F6C1E078759004A562B /* Main.storyboard */ = {
			isa = PBXVariantGroup;
			children = (
				33BA4F6D1E078759004A562B /* Base */,
			);
			name = Main.storyboard;
			sourceTree = "<group>";
		};
		33BA4F711E078759004A562B /* LaunchScreen.storyboard */ = {
			isa = PBXVariantGroup;
			children = (
				33BA4F721E078759004A562B /* Base */,
			);
			name = LaunchScreen.storyboard;
			sourceTree = "<group>";
		};
/* End PBXVariantGroup section */

/* Begin XCBuildConfiguration section */
		33BA4F8B1E078759004A562B /* Debug */ = {
			isa = XCBuildConfiguration;
			buildSettings = {
				ALWAYS_SEARCH_USER_PATHS = NO;
				CLANG_ANALYZER_NONNULL = YES;
				CLANG_CXX_LANGUAGE_STANDARD = "gnu++0x";
				CLANG_CXX_LIBRARY = "libc++";
				CLANG_ENABLE_MODULES = YES;
				CLANG_ENABLE_OBJC_ARC = YES;
				CLANG_WARN_BOOL_CONVERSION = YES;
				CLANG_WARN_CONSTANT_CONVERSION = YES;
				CLANG_WARN_DIRECT_OBJC_ISA_USAGE = YES_ERROR;
				CLANG_WARN_DOCUMENTATION_COMMENTS = YES;
				CLANG_WARN_EMPTY_BODY = YES;
				CLANG_WARN_ENUM_CONVERSION = YES;
				CLANG_WARN_INFINITE_RECURSION = YES;
				CLANG_WARN_INT_CONVERSION = YES;
				CLANG_WARN_OBJC_ROOT_CLASS = YES_ERROR;
				CLANG_WARN_SUSPICIOUS_MOVES = YES;
				CLANG_WARN_UNREACHABLE_CODE = YES;
				CLANG_WARN__DUPLICATE_METHOD_MATCH = YES;
				"CODE_SIGN_IDENTITY[sdk=iphoneos*]" = "iPhone Developer";
				COPY_PHASE_STRIP = NO;
				DEBUG_INFORMATION_FORMAT = dwarf;
				ENABLE_STRICT_OBJC_MSGSEND = YES;
				ENABLE_TESTABILITY = YES;
				GCC_C_LANGUAGE_STANDARD = gnu99;
				GCC_DYNAMIC_NO_PIC = NO;
				GCC_NO_COMMON_BLOCKS = YES;
				GCC_OPTIMIZATION_LEVEL = 0;
				GCC_PREPROCESSOR_DEFINITIONS = (
					"DEBUG=1",
					"$(inherited)",
				);
				GCC_WARN_64_TO_32_BIT_CONVERSION = YES;
				GCC_WARN_ABOUT_RETURN_TYPE = YES_ERROR;
				GCC_WARN_UNDECLARED_SELECTOR = YES;
				GCC_WARN_UNINITIALIZED_AUTOS = YES_AGGRESSIVE;
				GCC_WARN_UNUSED_FUNCTION = YES;
				GCC_WARN_UNUSED_VARIABLE = YES;
				IPHONEOS_DEPLOYMENT_TARGET = 10.1;
				MTL_ENABLE_DEBUG_INFO = YES;
				ONLY_ACTIVE_ARCH = YES;
				SDKROOT = iphoneos;
				TARGETED_DEVICE_FAMILY = "1,2";
			};
			name = Debug;
		};
		33BA4F8C1E078759004A562B /* Release */ = {
			isa = XCBuildConfiguration;
			buildSettings = {
				ALWAYS_SEARCH_USER_PATHS = NO;
				CLANG_ANALYZER_NONNULL = YES;
				CLANG_CXX_LANGUAGE_STANDARD = "gnu++0x";
				CLANG_CXX_LIBRARY = "libc++";
				CLANG_ENABLE_MODULES = YES;
				CLANG_ENABLE_OBJC_ARC = YES;
				CLANG_WARN_BOOL_CONVERSION = YES;
				CLANG_WARN_CONSTANT_CONVERSION = YES;
				CLANG_WARN_DIRECT_OBJC_ISA_USAGE = YES_ERROR;
				CLANG_WARN_DOCUMENTATION_COMMENTS = YES;
				CLANG_WARN_EMPTY_BODY = YES;
				CLANG_WARN_ENUM_CONVERSION = YES;
				CLANG_WARN_INFINITE_RECURSION = YES;
				CLANG_WARN_INT_CONVERSION = YES;
				CLANG_WARN_OBJC_ROOT_CLASS = YES_ERROR;
				CLANG_WARN_SUSPICIOUS_MOVES = YES;
				CLANG_WARN_UNREACHABLE_CODE = YES;
				CLANG_WARN__DUPLICATE_METHOD_MATCH = YES;
				"CODE_SIGN_IDENTITY[sdk=iphoneos*]" = "iPhone Developer";
				COPY_PHASE_STRIP = NO;
				DEBUG_INFORMATION_FORMAT = "dwarf-with-dsym";
				ENABLE_NS_ASSERTIONS = NO;
				ENABLE_STRICT_OBJC_MSGSEND = YES;
				GCC_C_LANGUAGE_STANDARD = gnu99;
				GCC_NO_COMMON_BLOCKS = YES;
				GCC_WARN_64_TO_32_BIT_CONVERSION = YES;
				GCC_WARN_ABOUT_RETURN_TYPE = YES_ERROR;
				GCC_WARN_UNDECLARED_SELECTOR = YES;
				GCC_WARN_UNINITIALIZED_AUTOS = YES_AGGRESSIVE;
				GCC_WARN_UNUSED_FUNCTION = YES;
				GCC_WARN_UNUSED_VARIABLE = YES;
				IPHONEOS_DEPLOYMENT_TARGET = 10.1;
				MTL_ENABLE_DEBUG_INFO = NO;
				SDKROOT = iphoneos;
				TARGETED_DEVICE_FAMILY = "1,2";
				VALIDATE_PRODUCT = YES;
			};
			name = Release;
		};
		33BA4F8E1E078759004A562B /* Debug */ = {
			isa = XCBuildConfiguration;
			buildSettings = {
				ASSETCATALOG_COMPILER_APPICON_NAME = AppIcon;
				DEVELOPMENT_TEAM = UFUG5S5474;
				INFOPLIST_FILE = "Find my Airpods/Info.plist";
				LD_RUNPATH_SEARCH_PATHS = "$(inherited) @executable_path/Frameworks";
				PRODUCT_BUNDLE_IDENTIFIER = "com.deucks.Find-my-Airpods";
				PRODUCT_NAME = "$(TARGET_NAME)";
			};
			name = Debug;
		};
		33BA4F8F1E078759004A562B /* Release */ = {
			isa = XCBuildConfiguration;
			buildSettings = {
				ASSETCATALOG_COMPILER_APPICON_NAME = AppIcon;
				DEVELOPMENT_TEAM = UFUG5S5474;
				INFOPLIST_FILE = "Find my Airpods/Info.plist";
				LD_RUNPATH_SEARCH_PATHS = "$(inherited) @executable_path/Frameworks";
				PRODUCT_BUNDLE_IDENTIFIER = "com.deucks.Find-my-Airpods";
				PRODUCT_NAME = "$(TARGET_NAME)";
			};
			name = Release;
		};
		33BA4F911E078759004A562B /* Debug */ = {
			isa = XCBuildConfiguration;
			buildSettings = {
				BUNDLE_LOADER = "$(TEST_HOST)";
				DEVELOPMENT_TEAM = UFUG5S5474;
				INFOPLIST_FILE = "Find my AirpodsTests/Info.plist";
				LD_RUNPATH_SEARCH_PATHS = "$(inherited) @executable_path/Frameworks @loader_path/Frameworks";
				PRODUCT_BUNDLE_IDENTIFIER = "com.deucks.Find-my-AirpodsTests";
				PRODUCT_NAME = "$(TARGET_NAME)";
				TEST_HOST = "$(BUILT_PRODUCTS_DIR)/Find my Airpods.app/Find my Airpods";
			};
			name = Debug;
		};
		33BA4F921E078759004A562B /* Release */ = {
			isa = XCBuildConfiguration;
			buildSettings = {
				BUNDLE_LOADER = "$(TEST_HOST)";
				DEVELOPMENT_TEAM = UFUG5S5474;
				INFOPLIST_FILE = "Find my AirpodsTests/Info.plist";
				LD_RUNPATH_SEARCH_PATHS = "$(inherited) @executable_path/Frameworks @loader_path/Frameworks";
				PRODUCT_BUNDLE_IDENTIFIER = "com.deucks.Find-my-AirpodsTests";
				PRODUCT_NAME = "$(TARGET_NAME)";
				TEST_HOST = "$(BUILT_PRODUCTS_DIR)/Find my Airpods.app/Find my Airpods";
			};
			name = Release;
		};
		33BA4F941E078759004A562B /* Debug */ = {
			isa = XCBuildConfiguration;
			buildSettings = {
				DEVELOPMENT_TEAM = UFUG5S5474;
				INFOPLIST_FILE = "Find my AirpodsUITests/Info.plist";
				LD_RUNPATH_SEARCH_PATHS = "$(inherited) @executable_path/Frameworks @loader_path/Frameworks";
				PRODUCT_BUNDLE_IDENTIFIER = "com.deucks.Find-my-AirpodsUITests";
				PRODUCT_NAME = "$(TARGET_NAME)";
				TEST_TARGET_NAME = "Find my Airpods";
			};
			name = Debug;
		};
		33BA4F951E078759004A562B /* Release */ = {
			isa = XCBuildConfiguration;
			buildSettings = {
				DEVELOPMENT_TEAM = UFUG5S5474;
				INFOPLIST_FILE = "Find my AirpodsUITests/Info.plist";
				LD_RUNPATH_SEARCH_PATHS = "$(inherited) @executable_path/Frameworks @loader_path/Frameworks";
				PRODUCT_BUNDLE_IDENTIFIER = "com.deucks.Find-my-AirpodsUITests";
				PRODUCT_NAME = "$(TARGET_NAME)";
				TEST_TARGET_NAME = "Find my Airpods";
			};
			name = Release;
		};
/* End XCBuildConfiguration section */

/* Begin XCConfigurationList section */
		33BA4F5B1E078759004A562B /* Build configuration list for PBXProject "Find my Airpods" */ = {
			isa = XCConfigurationList;
			buildConfigurations = (
				33BA4F8B1E078759004A562B /* Debug */,
				33BA4F8C1E078759004A562B /* Release */,
			);
			defaultConfigurationIsVisible = 0;
			defaultConfigurationName = Release;
		};
		33BA4F8D1E078759004A562B /* Build configuration list for PBXNativeTarget "Find my Airpods" */ = {
			isa = XCConfigurationList;
			buildConfigurations = (
				33BA4F8E1E078759004A562B /* Debug */,
				33BA4F8F1E078759004A562B /* Release */,
			);
			defaultConfigurationIsVisible = 0;
		};
		33BA4F901E078759004A562B /* Build configuration list for PBXNativeTarget "Find my AirpodsTests" */ = {
			isa = XCConfigurationList;
			buildConfigurations = (
				33BA4F911E078759004A562B /* Debug */,
				33BA4F921E078759004A562B /* Release */,
			);
			defaultConfigurationIsVisible = 0;
		};
		33BA4F931E078759004A562B /* Build configuration list for PBXNativeTarget "Find my AirpodsUITests" */ = {
			isa = XCConfigurationList;
			buildConfigurations = (
				33BA4F941E078759004A562B /* Debug */,
				33BA4F951E078759004A562B /* Release */,
			);
			defaultConfigurationIsVisible = 0;
		};
/* End XCConfigurationList section */
	};
	rootObject = 33BA4F581E078759004A562B /* Project object */;
}
